
Microsoft Visual Studio Solution File, Format Version 12.00
# Visual Studio Version 17
VisualStudioVersion = 17.4.33205.214
MinimumVisualStudioVersion = 10.0.40219.1
Project("{FAE04EC0-301F-11D3-BF4B-00C04F79EFBC}") = "PacketSniffer", "PacketSniffer\PacketSniffer.csproj", "{3C930984-9701-4B78-A8E1-F9B4DD6BD6B8}"
EndProject
Global
	GlobalSection(SolutionConfigurationPlatforms) = preSolution
		Debug|Any CPU = Debug|Any CPU
		Release|Any CPU = Release|Any CPU
	EndGlobalSection
	GlobalSection(ProjectConfigurationPlatforms) = postSolution
		{3C930984-9701-4B78-A8E1-F9B4DD6BD6B8}.Debug|Any CPU.ActiveCfg = Debug|Any CPU
		{3C930984-9701-4B78-A8E1-F9B4DD6BD6B8}.Debug|Any CPU.Build.0 = Debug|Any CPU
		{3C930984-9701-4B78-A8E1-F9B4DD6BD6B8}.Release|Any CPU.ActiveCfg = Release|Any CPU
		{3C930984-9701-4B78-A8E1-F9B4DD6BD6B8}.Release|Any CPU.Build.0 = Release|Any CPU
	EndGlobalSection
	GlobalSection(SolutionProperties) = preSolution
		HideSolutionNode = FALSE
	EndGlobalSection
	GlobalSection(ExtensibilityGlobals) = postSolution
		SolutionGuid = {79DE8414-5529-426B-9247-C6A23737F4D3}
	EndGlobalSection
EndGlobal
